// !$*UTF8*$!
{
	archiveVersion = 1;
	classes = {
	};
	objectVersion = 56;
	objects = {

/* Begin PBXBuildFile section */
		5212908F29E84F5F00899D74 /* EmployeeListApp.swift in Sources */ = {isa = PBXBuildFile; fileRef = 5212908E29E84F5F00899D74 /* EmployeeListApp.swift */; };
		5212909329E84F6000899D74 /* Assets.xcassets in Resources */ = {isa = PBXBuildFile; fileRef = 5212909229E84F6000899D74 /* Assets.xcassets */; };
		5212909629E84F6000899D74 /* Preview Assets.xcassets in Resources */ = {isa = PBXBuildFile; fileRef = 5212909529E84F6000899D74 /* Preview Assets.xcassets */; };
		5212909D29E8559900899D74 /* AddEmployeeView.swift in Sources */ = {isa = PBXBuildFile; fileRef = 5212909C29E8559900899D74 /* AddEmployeeView.swift */; };
		52EBFC7129EF0B1600D02FBD /* InfoAlert.swift in Sources */ = {isa = PBXBuildFile; fileRef = 52EBFC7029EF0B1600D02FBD /* InfoAlert.swift */; };
		52EBFC7329EF0B9300D02FBD /* AddEmployeeView_Previews.swift in Sources */ = {isa = PBXBuildFile; fileRef = 52EBFC7229EF0B9300D02FBD /* AddEmployeeView_Previews.swift */; };
		52EBFC7529EF0BCA00D02FBD /* EmployeesView_Previews.swift in Sources */ = {isa = PBXBuildFile; fileRef = 52EBFC7429EF0BCA00D02FBD /* EmployeesView_Previews.swift */; };
		52EBFC7729EF0BEC00D02FBD /* EmployeesViewConnector.swift in Sources */ = {isa = PBXBuildFile; fileRef = 52EBFC7629EF0BEC00D02FBD /* EmployeesViewConnector.swift */; };
		52EBFC7A29EF0C1C00D02FBD /* Searchbar_Previews.swift in Sources */ = {isa = PBXBuildFile; fileRef = 52EBFC7929EF0C1C00D02FBD /* Searchbar_Previews.swift */; };
		52EBFC7C29EF0C4800D02FBD /* EmployeeRow_Previews.swift in Sources */ = {isa = PBXBuildFile; fileRef = 52EBFC7B29EF0C4800D02FBD /* EmployeeRow_Previews.swift */; };
		52F7259629E85C03000B3D25 /* Extensions.swift in Sources */ = {isa = PBXBuildFile; fileRef = 52F7259529E85C03000B3D25 /* Extensions.swift */; };
		52F7259929E860C5000B3D25 /* Connector.swift in Sources */ = {isa = PBXBuildFile; fileRef = 52F7259829E860C5000B3D25 /* Connector.swift */; };
		52F7259B29E860FE000B3D25 /* AppState.swift in Sources */ = {isa = PBXBuildFile; fileRef = 52F7259A29E860FE000B3D25 /* AppState.swift */; };
		52F7259D29E86140000B3D25 /* EnvironmentStore.swift in Sources */ = {isa = PBXBuildFile; fileRef = 52F7259C29E86140000B3D25 /* EnvironmentStore.swift */; };
		52F7259F29E86172000B3D25 /* Store.swift in Sources */ = {isa = PBXBuildFile; fileRef = 52F7259E29E86172000B3D25 /* Store.swift */; };
		52F725A129E86193000B3D25 /* Observer.swift in Sources */ = {isa = PBXBuildFile; fileRef = 52F725A029E86193000B3D25 /* Observer.swift */; };
		52F725A629E862FC000B3D25 /* StoreProvider.swift in Sources */ = {isa = PBXBuildFile; fileRef = 52F725A529E862FC000B3D25 /* StoreProvider.swift */; };
		52F725A829E86776000B3D25 /* Command.swift in Sources */ = {isa = PBXBuildFile; fileRef = 52F725A729E86776000B3D25 /* Command.swift */; };
		52F725AA29E867C5000B3D25 /* AddEmployeeForm.swift in Sources */ = {isa = PBXBuildFile; fileRef = 52F725A929E867C5000B3D25 /* AddEmployeeForm.swift */; };
		52F725AE29E873A9000B3D25 /* EmployeesView.swift in Sources */ = {isa = PBXBuildFile; fileRef = 52F725AD29E873A9000B3D25 /* EmployeesView.swift */; };
		52F725B029E87BE9000B3D25 /* Actions.swift in Sources */ = {isa = PBXBuildFile; fileRef = 52F725AF29E87BE9000B3D25 /* Actions.swift */; };
		52F725B329E95931000B3D25 /* AddEmployeeFlow.swift in Sources */ = {isa = PBXBuildFile; fileRef = 52F725B229E95931000B3D25 /* AddEmployeeFlow.swift */; };
		52F725B829E98A6F000B3D25 /* AddEmployeeConnector.swift in Sources */ = {isa = PBXBuildFile; fileRef = 52F725B729E98A6F000B3D25 /* AddEmployeeConnector.swift */; };
		52F725BC29E98D81000B3D25 /* Employee.swift in Sources */ = {isa = PBXBuildFile; fileRef = 52F725BB29E98D81000B3D25 /* Employee.swift */; };
		52F725BE29E98DA6000B3D25 /* AllEmployees.swift in Sources */ = {isa = PBXBuildFile; fileRef = 52F725BD29E98DA6000B3D25 /* AllEmployees.swift */; };
		52F725C029E99095000B3D25 /* EmployeeRow.swift in Sources */ = {isa = PBXBuildFile; fileRef = 52F725BF29E99095000B3D25 /* EmployeeRow.swift */; };
		52F725C229E9B39E000B3D25 /* EmployeesPersistanceOperator.swift in Sources */ = {isa = PBXBuildFile; fileRef = 52F725C129E9B39E000B3D25 /* EmployeesPersistanceOperator.swift */; };
		52F725C529EADE3D000B3D25 /* Department.swift in Sources */ = {isa = PBXBuildFile; fileRef = 52F725C429EADE3D000B3D25 /* Department.swift */; };
		52F725C929EADF6D000B3D25 /* Searchbar.swift in Sources */ = {isa = PBXBuildFile; fileRef = 52F725C829EADF6D000B3D25 /* Searchbar.swift */; };
		52F725CB29EB057B000B3D25 /* SearchbarState.swift in Sources */ = {isa = PBXBuildFile; fileRef = 52F725CA29EB057B000B3D25 /* SearchbarState.swift */; };
/* End PBXBuildFile section */

/* Begin PBXFileReference section */
		5212908B29E84F5F00899D74 /* EmployeeList.app */ = {isa = PBXFileReference; explicitFileType = wrapper.application; includeInIndex = 0; path = EmployeeList.app; sourceTree = BUILT_PRODUCTS_DIR; };
		5212908E29E84F5F00899D74 /* EmployeeListApp.swift */ = {isa = PBXFileReference; lastKnownFileType = sourcecode.swift; path = EmployeeListApp.swift; sourceTree = "<group>"; };
		5212909229E84F6000899D74 /* Assets.xcassets */ = {isa = PBXFileReference; lastKnownFileType = folder.assetcatalog; path = Assets.xcassets; sourceTree = "<group>"; };
		5212909529E84F6000899D74 /* Preview Assets.xcassets */ = {isa = PBXFileReference; lastKnownFileType = folder.assetcatalog; path = "Preview Assets.xcassets"; sourceTree = "<group>"; };
		5212909C29E8559900899D74 /* AddEmployeeView.swift */ = {isa = PBXFileReference; lastKnownFileType = sourcecode.swift; path = AddEmployeeView.swift; sourceTree = "<group>"; };
		52EBFC7029EF0B1600D02FBD /* InfoAlert.swift */ = {isa = PBXFileReference; lastKnownFileType = sourcecode.swift; path = InfoAlert.swift; sourceTree = "<group>"; };
		52EBFC7229EF0B9300D02FBD /* AddEmployeeView_Previews.swift */ = {isa = PBXFileReference; lastKnownFileType = sourcecode.swift; path = AddEmployeeView_Previews.swift; sourceTree = "<group>"; };
		52EBFC7429EF0BCA00D02FBD /* EmployeesView_Previews.swift */ = {isa = PBXFileReference; lastKnownFileType = sourcecode.swift; path = EmployeesView_Previews.swift; sourceTree = "<group>"; };
		52EBFC7629EF0BEC00D02FBD /* EmployeesViewConnector.swift */ = {isa = PBXFileReference; lastKnownFileType = sourcecode.swift; path = EmployeesViewConnector.swift; sourceTree = "<group>"; };
		52EBFC7929EF0C1C00D02FBD /* Searchbar_Previews.swift */ = {isa = PBXFileReference; lastKnownFileType = sourcecode.swift; path = Searchbar_Previews.swift; sourceTree = "<group>"; };
		52EBFC7B29EF0C4800D02FBD /* EmployeeRow_Previews.swift */ = {isa = PBXFileReference; lastKnownFileType = sourcecode.swift; path = EmployeeRow_Previews.swift; sourceTree = "<group>"; };
		52F7259529E85C03000B3D25 /* Extensions.swift */ = {isa = PBXFileReference; lastKnownFileType = sourcecode.swift; path = Extensions.swift; sourceTree = "<group>"; };
		52F7259829E860C5000B3D25 /* Connector.swift */ = {isa = PBXFileReference; lastKnownFileType = sourcecode.swift; path = Connector.swift; sourceTree = "<group>"; };
		52F7259A29E860FE000B3D25 /* AppState.swift */ = {isa = PBXFileReference; lastKnownFileType = sourcecode.swift; path = AppState.swift; sourceTree = "<group>"; };
		52F7259C29E86140000B3D25 /* EnvironmentStore.swift */ = {isa = PBXFileReference; lastKnownFileType = sourcecode.swift; path = EnvironmentStore.swift; sourceTree = "<group>"; };
		52F7259E29E86172000B3D25 /* Store.swift */ = {isa = PBXFileReference; lastKnownFileType = sourcecode.swift; path = Store.swift; sourceTree = "<group>"; };
		52F725A029E86193000B3D25 /* Observer.swift */ = {isa = PBXFileReference; lastKnownFileType = sourcecode.swift; path = Observer.swift; sourceTree = "<group>"; };
		52F725A529E862FC000B3D25 /* StoreProvider.swift */ = {isa = PBXFileReference; lastKnownFileType = sourcecode.swift; path = StoreProvider.swift; sourceTree = "<group>"; };
		52F725A729E86776000B3D25 /* Command.swift */ = {isa = PBXFileReference; lastKnownFileType = sourcecode.swift; path = Command.swift; sourceTree = "<group>"; };
		52F725A929E867C5000B3D25 /* AddEmployeeForm.swift */ = {isa = PBXFileReference; lastKnownFileType = sourcecode.swift; path = AddEmployeeForm.swift; sourceTree = "<group>"; };
		52F725AD29E873A9000B3D25 /* EmployeesView.swift */ = {isa = PBXFileReference; lastKnownFileType = sourcecode.swift; path = EmployeesView.swift; sourceTree = "<group>"; };
		52F725AF29E87BE9000B3D25 /* Actions.swift */ = {isa = PBXFileReference; lastKnownFileType = sourcecode.swift; path = Actions.swift; sourceTree = "<group>"; };
		52F725B229E95931000B3D25 /* AddEmployeeFlow.swift */ = {isa = PBXFileReference; lastKnownFileType = sourcecode.swift; path = AddEmployeeFlow.swift; sourceTree = "<group>"; };
		52F725B729E98A6F000B3D25 /* AddEmployeeConnector.swift */ = {isa = PBXFileReference; lastKnownFileType = sourcecode.swift; path = AddEmployeeConnector.swift; sourceTree = "<group>"; };
		52F725BB29E98D81000B3D25 /* Employee.swift */ = {isa = PBXFileReference; lastKnownFileType = sourcecode.swift; path = Employee.swift; sourceTree = "<group>"; };
		52F725BD29E98DA6000B3D25 /* AllEmployees.swift */ = {isa = PBXFileReference; lastKnownFileType = sourcecode.swift; path = AllEmployees.swift; sourceTree = "<group>"; };
		52F725BF29E99095000B3D25 /* EmployeeRow.swift */ = {isa = PBXFileReference; lastKnownFileType = sourcecode.swift; path = EmployeeRow.swift; sourceTree = "<group>"; };
		52F725C129E9B39E000B3D25 /* EmployeesPersistanceOperator.swift */ = {isa = PBXFileReference; lastKnownFileType = sourcecode.swift; path = EmployeesPersistanceOperator.swift; sourceTree = "<group>"; };
		52F725C329E9CFAE000B3D25 /* Info.plist */ = {isa = PBXFileReference; lastKnownFileType = text.plist; path = Info.plist; sourceTree = "<group>"; };
		52F725C429EADE3D000B3D25 /* Department.swift */ = {isa = PBXFileReference; lastKnownFileType = sourcecode.swift; path = Department.swift; sourceTree = "<group>"; };
		52F725C829EADF6D000B3D25 /* Searchbar.swift */ = {isa = PBXFileReference; lastKnownFileType = sourcecode.swift; path = Searchbar.swift; sourceTree = "<group>"; };
		52F725CA29EB057B000B3D25 /* SearchbarState.swift */ = {isa = PBXFileReference; lastKnownFileType = sourcecode.swift; path = SearchbarState.swift; sourceTree = "<group>"; };
/* End PBXFileReference section */

/* Begin PBXFrameworksBuildPhase section */
		5212908829E84F5F00899D74 /* Frameworks */ = {
			isa = PBXFrameworksBuildPhase;
			buildActionMask = 2147483647;
			files = (
			);
			runOnlyForDeploymentPostprocessing = 0;
		};
/* End PBXFrameworksBuildPhase section */

/* Begin PBXGroup section */
		5212908229E84F5F00899D74 = {
			isa = PBXGroup;
			children = (
				5212908D29E84F5F00899D74 /* EmployeeList */,
				5212908C29E84F5F00899D74 /* Products */,
			);
			sourceTree = "<group>";
		};
		5212908C29E84F5F00899D74 /* Products */ = {
			isa = PBXGroup;
			children = (
				5212908B29E84F5F00899D74 /* EmployeeList.app */,
			);
			name = Products;
			sourceTree = "<group>";
		};
		5212908D29E84F5F00899D74 /* EmployeeList */ = {
			isa = PBXGroup;
			children = (
				52F725C329E9CFAE000B3D25 /* Info.plist */,
				52F725BA29E98D76000B3D25 /* Models */,
				52F725AB29E87382000B3D25 /* App */,
				52F725A229E86214000B3D25 /* Helpers */,
				52F7259729E860B8000B3D25 /* Redux */,
				52F725AC29E87393000B3D25 /* Views */,
				52F7259429E85B25000B3D25 /* Extensions */,
				52F7259129E85AC6000B3D25 /* Components */,
				5212909429E84F6000899D74 /* Preview Content */,
			);
			path = EmployeeList;
			sourceTree = "<group>";
		};
		5212909429E84F6000899D74 /* Preview Content */ = {
			isa = PBXGroup;
			children = (
				5212909529E84F6000899D74 /* Preview Assets.xcassets */,
				52EBFC7229EF0B9300D02FBD /* AddEmployeeView_Previews.swift */,
				52EBFC7429EF0BCA00D02FBD /* EmployeesView_Previews.swift */,
				52EBFC7929EF0C1C00D02FBD /* Searchbar_Previews.swift */,
				52EBFC7B29EF0C4800D02FBD /* EmployeeRow_Previews.swift */,
			);
			path = "Preview Content";
			sourceTree = "<group>";
		};
		52EBFC7829EF0C0600D02FBD /* Employees view */ = {
			isa = PBXGroup;
			children = (
				52F725AD29E873A9000B3D25 /* EmployeesView.swift */,
				52EBFC7629EF0BEC00D02FBD /* EmployeesViewConnector.swift */,
			);
			path = "Employees view";
			sourceTree = "<group>";
		};
		52F7259129E85AC6000B3D25 /* Components */ = {
			isa = PBXGroup;
			children = (
			);
			path = Components;
			sourceTree = "<group>";
		};
		52F7259429E85B25000B3D25 /* Extensions */ = {
			isa = PBXGroup;
			children = (
				52F7259529E85C03000B3D25 /* Extensions.swift */,
			);
			path = Extensions;
			sourceTree = "<group>";
		};
		52F7259729E860B8000B3D25 /* Redux */ = {
			isa = PBXGroup;
			children = (
				52F7259829E860C5000B3D25 /* Connector.swift */,
				52F7259A29E860FE000B3D25 /* AppState.swift */,
				52F725AF29E87BE9000B3D25 /* Actions.swift */,
				52F7259C29E86140000B3D25 /* EnvironmentStore.swift */,
				52F7259E29E86172000B3D25 /* Store.swift */,
				52F725A029E86193000B3D25 /* Observer.swift */,
				52F725A529E862FC000B3D25 /* StoreProvider.swift */,
				52F725B429E95962000B3D25 /* Operators */,
				52F725B129E95922000B3D25 /* States */,
			);
			path = Redux;
			sourceTree = "<group>";
		};
		52F725A229E86214000B3D25 /* Helpers */ = {
			isa = PBXGroup;
			children = (
				52F725A729E86776000B3D25 /* Command.swift */,
			);
			path = Helpers;
			sourceTree = "<group>";
		};
		52F725AB29E87382000B3D25 /* App */ = {
			isa = PBXGroup;
			children = (
				5212909229E84F6000899D74 /* Assets.xcassets */,
				5212908E29E84F5F00899D74 /* EmployeeListApp.swift */,
			);
			path = App;
			sourceTree = "<group>";
		};
		52F725AC29E87393000B3D25 /* Views */ = {
			isa = PBXGroup;
			children = (
				52F725B929E98A89000B3D25 /* Add employee */,
				52EBFC7829EF0C0600D02FBD /* Employees view */,
				52F725C829EADF6D000B3D25 /* Searchbar.swift */,
				52F725BF29E99095000B3D25 /* EmployeeRow.swift */,
			);
			path = Views;
			sourceTree = "<group>";
		};
		52F725B129E95922000B3D25 /* States */ = {
			isa = PBXGroup;
			children = (
				52F725B229E95931000B3D25 /* AddEmployeeFlow.swift */,
				52F725A929E867C5000B3D25 /* AddEmployeeForm.swift */,
				52F725BD29E98DA6000B3D25 /* AllEmployees.swift */,
				52F725CA29EB057B000B3D25 /* SearchbarState.swift */,
				52EBFC7029EF0B1600D02FBD /* InfoAlert.swift */,
			);
			path = States;
			sourceTree = "<group>";
		};
		52F725B429E95962000B3D25 /* Operators */ = {
			isa = PBXGroup;
			children = (
				52F725C129E9B39E000B3D25 /* EmployeesPersistanceOperator.swift */,
			);
			path = Operators;
			sourceTree = "<group>";
		};
		52F725B929E98A89000B3D25 /* Add employee */ = {
			isa = PBXGroup;
			children = (
				5212909C29E8559900899D74 /* AddEmployeeView.swift */,
				52F725B729E98A6F000B3D25 /* AddEmployeeConnector.swift */,
			);
			path = "Add employee";
			sourceTree = "<group>";
		};
		52F725BA29E98D76000B3D25 /* Models */ = {
			isa = PBXGroup;
			children = (
				52F725BB29E98D81000B3D25 /* Employee.swift */,
				52F725C429EADE3D000B3D25 /* Department.swift */,
			);
			path = Models;
			sourceTree = "<group>";
		};
/* End PBXGroup section */

/* Begin PBXNativeTarget section */
		5212908A29E84F5F00899D74 /* EmployeeList */ = {
			isa = PBXNativeTarget;
			buildConfigurationList = 5212909929E84F6000899D74 /* Build configuration list for PBXNativeTarget "EmployeeList" */;
			buildPhases = (
				5212908729E84F5F00899D74 /* Sources */,
				5212908829E84F5F00899D74 /* Frameworks */,
				5212908929E84F5F00899D74 /* Resources */,
			);
			buildRules = (
			);
			dependencies = (
			);
			name = EmployeeList;
			productName = EmployeeList;
			productReference = 5212908B29E84F5F00899D74 /* EmployeeList.app */;
			productType = "com.apple.product-type.application";
		};
/* End PBXNativeTarget section */

/* Begin PBXProject section */
		5212908329E84F5F00899D74 /* Project object */ = {
			isa = PBXProject;
			attributes = {
				BuildIndependentTargetsInParallel = 1;
				LastSwiftUpdateCheck = 1420;
				LastUpgradeCheck = 1420;
				TargetAttributes = {
					5212908A29E84F5F00899D74 = {
						CreatedOnToolsVersion = 14.2;
					};
				};
			};
			buildConfigurationList = 5212908629E84F5F00899D74 /* Build configuration list for PBXProject "EmployeeList" */;
			compatibilityVersion = "Xcode 14.0";
			developmentRegion = en;
			hasScannedForEncodings = 0;
			knownRegions = (
				en,
				Base,
			);
			mainGroup = 5212908229E84F5F00899D74;
			productRefGroup = 5212908C29E84F5F00899D74 /* Products */;
			projectDirPath = "";
			projectRoot = "";
			targets = (
				5212908A29E84F5F00899D74 /* EmployeeList */,
			);
		};
/* End PBXProject section */

/* Begin PBXResourcesBuildPhase section */
		5212908929E84F5F00899D74 /* Resources */ = {
			isa = PBXResourcesBuildPhase;
			buildActionMask = 2147483647;
			files = (
				5212909629E84F6000899D74 /* Preview Assets.xcassets in Resources */,
				5212909329E84F6000899D74 /* Assets.xcassets in Resources */,
			);
			runOnlyForDeploymentPostprocessing = 0;
		};
/* End PBXResourcesBuildPhase section */

/* Begin PBXSourcesBuildPhase section */
		5212908729E84F5F00899D74 /* Sources */ = {
			isa = PBXSourcesBuildPhase;
			buildActionMask = 2147483647;
			files = (
				52F725A629E862FC000B3D25 /* StoreProvider.swift in Sources */,
				52F725B029E87BE9000B3D25 /* Actions.swift in Sources */,
				52F7259629E85C03000B3D25 /* Extensions.swift in Sources */,
				52F725AA29E867C5000B3D25 /* AddEmployeeForm.swift in Sources */,
				52F725C029E99095000B3D25 /* EmployeeRow.swift in Sources */,
				52F725A129E86193000B3D25 /* Observer.swift in Sources */,
				52F725A829E86776000B3D25 /* Command.swift in Sources */,
				52F725C529EADE3D000B3D25 /* Department.swift in Sources */,
				5212908F29E84F5F00899D74 /* EmployeeListApp.swift in Sources */,
				52EBFC7129EF0B1600D02FBD /* InfoAlert.swift in Sources */,
				52F725CB29EB057B000B3D25 /* SearchbarState.swift in Sources */,
				52F725B329E95931000B3D25 /* AddEmployeeFlow.swift in Sources */,
				52EBFC7729EF0BEC00D02FBD /* EmployeesViewConnector.swift in Sources */,
				52F7259F29E86172000B3D25 /* Store.swift in Sources */,
				52F725C929EADF6D000B3D25 /* Searchbar.swift in Sources */,
				52F725BC29E98D81000B3D25 /* Employee.swift in Sources */,
				52F725BE29E98DA6000B3D25 /* AllEmployees.swift in Sources */,
				52F725B829E98A6F000B3D25 /* AddEmployeeConnector.swift in Sources */,
				52EBFC7329EF0B9300D02FBD /* AddEmployeeView_Previews.swift in Sources */,
				52F7259B29E860FE000B3D25 /* AppState.swift in Sources */,
				52F725AE29E873A9000B3D25 /* EmployeesView.swift in Sources */,
				52F7259929E860C5000B3D25 /* Connector.swift in Sources */,
				52EBFC7A29EF0C1C00D02FBD /* Searchbar_Previews.swift in Sources */,
				5212909D29E8559900899D74 /* AddEmployeeView.swift in Sources */,
				52F7259D29E86140000B3D25 /* EnvironmentStore.swift in Sources */,
				52EBFC7C29EF0C4800D02FBD /* EmployeeRow_Previews.swift in Sources */,
				52F725C229E9B39E000B3D25 /* EmployeesPersistanceOperator.swift in Sources */,
				52EBFC7529EF0BCA00D02FBD /* EmployeesView_Previews.swift in Sources */,
			);
			runOnlyForDeploymentPostprocessing = 0;
		};
/* End PBXSourcesBuildPhase section */

/* Begin XCBuildConfiguration section */
		5212909729E84F6000899D74 /* Debug */ = {
			isa = XCBuildConfiguration;
			buildSettings = {
				ALWAYS_SEARCH_USER_PATHS = NO;
				CLANG_ANALYZER_NONNULL = YES;
				CLANG_ANALYZER_NUMBER_OBJECT_CONVERSION = YES_AGGRESSIVE;
				CLANG_CXX_LANGUAGE_STANDARD = "gnu++20";
				CLANG_ENABLE_MODULES = YES;
				CLANG_ENABLE_OBJC_ARC = YES;
				CLANG_ENABLE_OBJC_WEAK = YES;
				CLANG_WARN_BLOCK_CAPTURE_AUTORELEASING = YES;
				CLANG_WARN_BOOL_CONVERSION = YES;
				CLANG_WARN_COMMA = YES;
				CLANG_WARN_CONSTANT_CONVERSION = YES;
				CLANG_WARN_DEPRECATED_OBJC_IMPLEMENTATIONS = YES;
				CLANG_WARN_DIRECT_OBJC_ISA_USAGE = YES_ERROR;
				CLANG_WARN_DOCUMENTATION_COMMENTS = YES;
				CLANG_WARN_EMPTY_BODY = YES;
				CLANG_WARN_ENUM_CONVERSION = YES;
				CLANG_WARN_INFINITE_RECURSION = YES;
				CLANG_WARN_INT_CONVERSION = YES;
				CLANG_WARN_NON_LITERAL_NULL_CONVERSION = YES;
				CLANG_WARN_OBJC_IMPLICIT_RETAIN_SELF = YES;
				CLANG_WARN_OBJC_LITERAL_CONVERSION = YES;
				CLANG_WARN_OBJC_ROOT_CLASS = YES_ERROR;
				CLANG_WARN_QUOTED_INCLUDE_IN_FRAMEWORK_HEADER = YES;
				CLANG_WARN_RANGE_LOOP_ANALYSIS = YES;
				CLANG_WARN_STRICT_PROTOTYPES = YES;
				CLANG_WARN_SUSPICIOUS_MOVE = YES;
				CLANG_WARN_UNGUARDED_AVAILABILITY = YES_AGGRESSIVE;
				CLANG_WARN_UNREACHABLE_CODE = YES;
				CLANG_WARN__DUPLICATE_METHOD_MATCH = YES;
				COPY_PHASE_STRIP = NO;
				DEBUG_INFORMATION_FORMAT = dwarf;
				ENABLE_STRICT_OBJC_MSGSEND = YES;
				ENABLE_TESTABILITY = YES;
				GCC_C_LANGUAGE_STANDARD = gnu11;
				GCC_DYNAMIC_NO_PIC = NO;
				GCC_NO_COMMON_BLOCKS = YES;
				GCC_OPTIMIZATION_LEVEL = 0;
				GCC_PREPROCESSOR_DEFINITIONS = (
					"DEBUG=1",
					"$(inherited)",
				);
				GCC_WARN_64_TO_32_BIT_CONVERSION = YES;
				GCC_WARN_ABOUT_RETURN_TYPE = YES_ERROR;
				GCC_WARN_UNDECLARED_SELECTOR = YES;
				GCC_WARN_UNINITIALIZED_AUTOS = YES_AGGRESSIVE;
				GCC_WARN_UNUSED_FUNCTION = YES;
				GCC_WARN_UNUSED_VARIABLE = YES;
				IPHONEOS_DEPLOYMENT_TARGET = 16.2;
				MTL_ENABLE_DEBUG_INFO = INCLUDE_SOURCE;
				MTL_FAST_MATH = YES;
				ONLY_ACTIVE_ARCH = YES;
				SDKROOT = iphoneos;
				SWIFT_ACTIVE_COMPILATION_CONDITIONS = DEBUG;
				SWIFT_OPTIMIZATION_LEVEL = "-Onone";
			};
			name = Debug;
		};
		5212909829E84F6000899D74 /* Release */ = {
			isa = XCBuildConfiguration;
			buildSettings = {
				ALWAYS_SEARCH_USER_PATHS = NO;
				CLANG_ANALYZER_NONNULL = YES;
				CLANG_ANALYZER_NUMBER_OBJECT_CONVERSION = YES_AGGRESSIVE;
				CLANG_CXX_LANGUAGE_STANDARD = "gnu++20";
				CLANG_ENABLE_MODULES = YES;
				CLANG_ENABLE_OBJC_ARC = YES;
				CLANG_ENABLE_OBJC_WEAK = YES;
				CLANG_WARN_BLOCK_CAPTURE_AUTORELEASING = YES;
				CLANG_WARN_BOOL_CONVERSION = YES;
				CLANG_WARN_COMMA = YES;
				CLANG_WARN_CONSTANT_CONVERSION = YES;
				CLANG_WARN_DEPRECATED_OBJC_IMPLEMENTATIONS = YES;
				CLANG_WARN_DIRECT_OBJC_ISA_USAGE = YES_ERROR;
				CLANG_WARN_DOCUMENTATION_COMMENTS = YES;
				CLANG_WARN_EMPTY_BODY = YES;
				CLANG_WARN_ENUM_CONVERSION = YES;
				CLANG_WARN_INFINITE_RECURSION = YES;
				CLANG_WARN_INT_CONVERSION = YES;
				CLANG_WARN_NON_LITERAL_NULL_CONVERSION = YES;
				CLANG_WARN_OBJC_IMPLICIT_RETAIN_SELF = YES;
				CLANG_WARN_OBJC_LITERAL_CONVERSION = YES;
				CLANG_WARN_OBJC_ROOT_CLASS = YES_ERROR;
				CLANG_WARN_QUOTED_INCLUDE_IN_FRAMEWORK_HEADER = YES;
				CLANG_WARN_RANGE_LOOP_ANALYSIS = YES;
				CLANG_WARN_STRICT_PROTOTYPES = YES;
				CLANG_WARN_SUSPICIOUS_MOVE = YES;
				CLANG_WARN_UNGUARDED_AVAILABILITY = YES_AGGRESSIVE;
				CLANG_WARN_UNREACHABLE_CODE = YES;
				CLANG_WARN__DUPLICATE_METHOD_MATCH = YES;
				COPY_PHASE_STRIP = NO;
				DEBUG_INFORMATION_FORMAT = "dwarf-with-dsym";
				ENABLE_NS_ASSERTIONS = NO;
				ENABLE_STRICT_OBJC_MSGSEND = YES;
				GCC_C_LANGUAGE_STANDARD = gnu11;
				GCC_NO_COMMON_BLOCKS = YES;
				GCC_WARN_64_TO_32_BIT_CONVERSION = YES;
				GCC_WARN_ABOUT_RETURN_TYPE = YES_ERROR;
				GCC_WARN_UNDECLARED_SELECTOR = YES;
				GCC_WARN_UNINITIALIZED_AUTOS = YES_AGGRESSIVE;
				GCC_WARN_UNUSED_FUNCTION = YES;
				GCC_WARN_UNUSED_VARIABLE = YES;
				IPHONEOS_DEPLOYMENT_TARGET = 16.2;
				MTL_ENABLE_DEBUG_INFO = NO;
				MTL_FAST_MATH = YES;
				SDKROOT = iphoneos;
				SWIFT_COMPILATION_MODE = wholemodule;
				SWIFT_OPTIMIZATION_LEVEL = "-O";
				VALIDATE_PRODUCT = YES;
			};
			name = Release;
		};
		5212909A29E84F6000899D74 /* Debug */ = {
			isa = XCBuildConfiguration;
			buildSettings = {
				ASSETCATALOG_COMPILER_APPICON_NAME = AppIcon;
				ASSETCATALOG_COMPILER_GLOBAL_ACCENT_COLOR_NAME = AccentColor;
				CODE_SIGN_STYLE = Automatic;
				CURRENT_PROJECT_VERSION = 1;
				DEVELOPMENT_ASSET_PATHS = "\"EmployeeList/Preview Content\"";
				ENABLE_PREVIEWS = YES;
				GENERATE_INFOPLIST_FILE = YES;
				INFOPLIST_FILE = EmployeeList/Info.plist;
				INFOPLIST_KEY_UIApplicationSupportsIndirectInputEvents = YES;
				INFOPLIST_KEY_UILaunchScreen_Generation = YES;
				INFOPLIST_KEY_UISupportedInterfaceOrientations_iPad = "UIInterfaceOrientationPortrait UIInterfaceOrientationPortraitUpsideDown UIInterfaceOrientationLandscapeLeft UIInterfaceOrientationLandscapeRight";
				INFOPLIST_KEY_UISupportedInterfaceOrientations_iPhone = "UIInterfaceOrientationPortrait UIInterfaceOrientationLandscapeLeft UIInterfaceOrientationLandscapeRight";
				LD_RUNPATH_SEARCH_PATHS = (
					"$(inherited)",
					"@executable_path/Frameworks",
				);
				MARKETING_VERSION = 1.0;
				PRODUCT_BUNDLE_IDENTIFIER = com.kr.ssh.EmployeeList;
				PRODUCT_NAME = "$(TARGET_NAME)";
				SWIFT_EMIT_LOC_STRINGS = YES;
				SWIFT_VERSION = 5.0;
				TARGETED_DEVICE_FAMILY = "1,2";
			};
			name = Debug;
		};
		5212909B29E84F6000899D74 /* Release */ = {
			isa = XCBuildConfiguration;
			buildSettings = {
				ASSETCATALOG_COMPILER_APPICON_NAME = AppIcon;
				ASSETCATALOG_COMPILER_GLOBAL_ACCENT_COLOR_NAME = AccentColor;
				CODE_SIGN_STYLE = Automatic;
				CURRENT_PROJECT_VERSION = 1;
				DEVELOPMENT_ASSET_PATHS = "\"EmployeeList/Preview Content\"";
				ENABLE_PREVIEWS = YES;
				GENERATE_INFOPLIST_FILE = YES;
				INFOPLIST_FILE = EmployeeList/Info.plist;
				INFOPLIST_KEY_UIApplicationSupportsIndirectInputEvents = YES;
				INFOPLIST_KEY_UILaunchScreen_Generation = YES;
				INFOPLIST_KEY_UISupportedInterfaceOrientations_iPad = "UIInterfaceOrientationPortrait UIInterfaceOrientationPortraitUpsideDown UIInterfaceOrientationLandscapeLeft UIInterfaceOrientationLandscapeRight";
				INFOPLIST_KEY_UISupportedInterfaceOrientations_iPhone = "UIInterfaceOrientationPortrait UIInterfaceOrientationLandscapeLeft UIInterfaceOrientationLandscapeRight";
				LD_RUNPATH_SEARCH_PATHS = (
					"$(inherited)",
					"@executable_path/Frameworks",
				);
				MARKETING_VERSION = 1.0;
				PRODUCT_BUNDLE_IDENTIFIER = com.kr.ssh.EmployeeList;
				PRODUCT_NAME = "$(TARGET_NAME)";
				SWIFT_EMIT_LOC_STRINGS = YES;
				SWIFT_VERSION = 5.0;
				TARGETED_DEVICE_FAMILY = "1,2";
			};
			name = Release;
		};
/* End XCBuildConfiguration section */

/* Begin XCConfigurationList section */
		5212908629E84F5F00899D74 /* Build configuration list for PBXProject "EmployeeList" */ = {
			isa = XCConfigurationList;
			buildConfigurations = (
				5212909729E84F6000899D74 /* Debug */,
				5212909829E84F6000899D74 /* Release */,
			);
			defaultConfigurationIsVisible = 0;
			defaultConfigurationName = Release;
		};
		5212909929E84F6000899D74 /* Build configuration list for PBXNativeTarget "EmployeeList" */ = {
			isa = XCConfigurationList;
			buildConfigurations = (
				5212909A29E84F6000899D74 /* Debug */,
				5212909B29E84F6000899D74 /* Release */,
			);
			defaultConfigurationIsVisible = 0;
			defaultConfigurationName = Release;
		};
/* End XCConfigurationList section */
	};
	rootObject = 5212908329E84F5F00899D74 /* Project object */;
}
